
Microsoft Visual Studio Solution File, Format Version 12.00
# Visual Studio Version 17
VisualStudioVersion = 17.1.32319.34
MinimumVisualStudioVersion = 10.0.40219.1
Project("{2150E333-8FDC-42A3-9474-1A3956D46DE8}") = "Web", "Web", "{41040AD4-F68B-42E2-986F-AC6C404AA49D}"
EndProject
Project("{2150E333-8FDC-42A3-9474-1A3956D46DE8}") = "Application", "Application", "{66F77174-3F2A-457B-B931-2B434ADA7F3C}"
EndProject
Project("{2150E333-8FDC-42A3-9474-1A3956D46DE8}") = "Domain", "Domain", "{930AD04D-497A-4702-BDBB-35352AFE38BB}"
EndProject
Project("{2150E333-8FDC-42A3-9474-1A3956D46DE8}") = "Infrastructure", "Infrastructure", "{AD59DAFE-3F5C-4E78-A165-3CF132D713D5}"
EndProject
Project("{2150E333-8FDC-42A3-9474-1A3956D46DE8}") = "Test", "Test", "{8960250F-04FB-4EAF-91E9-FD30C88DC075}"
EndProject
Project("{9A19103F-16F7-4668-BE54-9A1E7A4F7556}") = "XYZEngineeringProject.Test", "XYZEngineeringProject.Test\XYZEngineeringProject.Test.csproj", "{CD678186-9871-4474-A924-4EAA92A3BE67}"
EndProject
Project("{9A19103F-16F7-4668-BE54-9A1E7A4F7556}") = "XYZEngineeringProject.Infrastructure", "XYZEngineeringProject.Infrastructure\XYZEngineeringProject.Infrastructure.csproj", "{76AD2DAF-6540-4E7B-A4A4-349AEE42A4BA}"
EndProject
Project("{9A19103F-16F7-4668-BE54-9A1E7A4F7556}") = "XYZEngineeringProject.Domain", "XYZEngineeringProject.Domain\XYZEngineeringProject.Domain.csproj", "{23D64AF8-7728-416A-B143-3E62A930517F}"
EndProject
Project("{9A19103F-16F7-4668-BE54-9A1E7A4F7556}") = "XYZEngineeringProject.Application", "XYZEngineeringProject.Application\XYZEngineeringProject.Application.csproj", "{3B3C245A-BA7F-4B27-9EDA-1DF1BC9C32EB}"
EndProject
Project("{9A19103F-16F7-4668-BE54-9A1E7A4F7556}") = "XYZEngineeringProject.Web", "XYZEngineeringProject.Web\XYZEngineeringProject.Web.csproj", "{ECB6FAD7-18A3-4A3B-9DB3-947571E59FC9}"
EndProject
Global
	GlobalSection(SolutionConfigurationPlatforms) = preSolution
		Debug|Any CPU = Debug|Any CPU
		Release|Any CPU = Release|Any CPU
	EndGlobalSection
	GlobalSection(ProjectConfigurationPlatforms) = postSolution
		{CD678186-9871-4474-A924-4EAA92A3BE67}.Debug|Any CPU.ActiveCfg = Debug|Any CPU
		{CD678186-9871-4474-A924-4EAA92A3BE67}.Debug|Any CPU.Build.0 = Debug|Any CPU
		{CD678186-9871-4474-A924-4EAA92A3BE67}.Release|Any CPU.ActiveCfg = Release|Any CPU
		{CD678186-9871-4474-A924-4EAA92A3BE67}.Release|Any CPU.Build.0 = Release|Any CPU
		{76AD2DAF-6540-4E7B-A4A4-349AEE42A4BA}.Debug|Any CPU.ActiveCfg = Debug|Any CPU
		{76AD2DAF-6540-4E7B-A4A4-349AEE42A4BA}.Debug|Any CPU.Build.0 = Debug|Any CPU
		{76AD2DAF-6540-4E7B-A4A4-349AEE42A4BA}.Release|Any CPU.ActiveCfg = Release|Any CPU
		{76AD2DAF-6540-4E7B-A4A4-349AEE42A4BA}.Release|Any CPU.Build.0 = Release|Any CPU
		{23D64AF8-7728-416A-B143-3E62A930517F}.Debug|Any CPU.ActiveCfg = Debug|Any CPU
		{23D64AF8-7728-416A-B143-3E62A930517F}.Debug|Any CPU.Build.0 = Debug|Any CPU
		{23D64AF8-7728-416A-B143-3E62A930517F}.Release|Any CPU.ActiveCfg = Release|Any CPU
		{23D64AF8-7728-416A-B143-3E62A930517F}.Release|Any CPU.Build.0 = Release|Any CPU
		{3B3C245A-BA7F-4B27-9EDA-1DF1BC9C32EB}.Debug|Any CPU.ActiveCfg = Debug|Any CPU
		{3B3C245A-BA7F-4B27-9EDA-1DF1BC9C32EB}.Debug|Any CPU.Build.0 = Debug|Any CPU
		{3B3C245A-BA7F-4B27-9EDA-1DF1BC9C32EB}.Release|Any CPU.ActiveCfg = Release|Any CPU
		{3B3C245A-BA7F-4B27-9EDA-1DF1BC9C32EB}.Release|Any CPU.Build.0 = Release|Any CPU
		{ECB6FAD7-18A3-4A3B-9DB3-947571E59FC9}.Debug|Any CPU.ActiveCfg = Debug|Any CPU
		{ECB6FAD7-18A3-4A3B-9DB3-947571E59FC9}.Debug|Any CPU.Build.0 = Debug|Any CPU
		{ECB6FAD7-18A3-4A3B-9DB3-947571E59FC9}.Release|Any CPU.ActiveCfg = Release|Any CPU
		{ECB6FAD7-18A3-4A3B-9DB3-947571E59FC9}.Release|Any CPU.Build.0 = Release|Any CPU
	EndGlobalSection
	GlobalSection(SolutionProperties) = preSolution
		HideSolutionNode = FALSE
	EndGlobalSection
	GlobalSection(NestedProjects) = preSolution
		{CD678186-9871-4474-A924-4EAA92A3BE67} = {8960250F-04FB-4EAF-91E9-FD30C88DC075}
		{76AD2DAF-6540-4E7B-A4A4-349AEE42A4BA} = {AD59DAFE-3F5C-4E78-A165-3CF132D713D5}
		{23D64AF8-7728-416A-B143-3E62A930517F} = {930AD04D-497A-4702-BDBB-35352AFE38BB}
		{3B3C245A-BA7F-4B27-9EDA-1DF1BC9C32EB} = {66F77174-3F2A-457B-B931-2B434ADA7F3C}
		{ECB6FAD7-18A3-4A3B-9DB3-947571E59FC9} = {41040AD4-F68B-42E2-986F-AC6C404AA49D}
	EndGlobalSection
	GlobalSection(ExtensibilityGlobals) = postSolution
		SolutionGuid = {FF5C70D4-7B13-43A1-8E54-CB9E4E1D40B2}
	EndGlobalSection
EndGlobal
